
Microsoft Visual Studio Solution File, Format Version 12.00
# Visual Studio Version 16
VisualStudioVersion = 16.0.31112.23
MinimumVisualStudioVersion = 10.0.40219.1
Project("{FAE04EC0-301F-11D3-BF4B-00C04F79EFBC}") = "SundownBoulevard.Booking.Website", "SundownBoulevard.Booking.Website\SundownBoulevard.Booking.Website.csproj", "{2DD506FE-5068-49F5-BC91-41A2FDD097D8}"
EndProject
Project("{9A19103F-16F7-4668-BE54-9A1E7A4F7556}") = "SundownBoulevard.Booking.API", "SundownBoulevard.Booking.API\SundownBoulevard.Booking.API.csproj", "{F820DD3F-4586-463B-AC88-47F13E913E5F}"
EndProject
Project("{FAE04EC0-301F-11D3-BF4B-00C04F79EFBC}") = "SundownBoulevard.Booking.DTO", "SundownBoulevard.Booking.DTO\SundownBoulevard.Booking.DTO.csproj", "{BED97BB8-869A-47B4-90D5-681E63E67169}"
EndProject
Project("{FAE04EC0-301F-11D3-BF4B-00C04F79EFBC}") = "SundownBoulevard.Booking.DAL", "SundownBoulevard.Booking.DAL\SundownBoulevard.Booking.DAL.csproj", "{DD397D51-87B5-4C03-9564-F10C86469F1A}"
EndProject
Project("{2150E333-8FDC-42A3-9474-1A3956D46DE8}") = ".wiki", ".wiki", "{53A98DD4-D347-42C9-B785-1BADA1E989B5}"
	ProjectSection(SolutionItems) = preProject
		.wiki\GettingStarted.md = .wiki\GettingStarted.md
		.wiki\README.md = .wiki\README.md
	EndProjectSection
EndProject
Global
	GlobalSection(SolutionConfigurationPlatforms) = preSolution
		Debug|Any CPU = Debug|Any CPU
		Release|Any CPU = Release|Any CPU
	EndGlobalSection
	GlobalSection(ProjectConfigurationPlatforms) = postSolution
		{2DD506FE-5068-49F5-BC91-41A2FDD097D8}.Debug|Any CPU.ActiveCfg = Debug|Any CPU
		{2DD506FE-5068-49F5-BC91-41A2FDD097D8}.Debug|Any CPU.Build.0 = Debug|Any CPU
		{2DD506FE-5068-49F5-BC91-41A2FDD097D8}.Release|Any CPU.ActiveCfg = Release|Any CPU
		{2DD506FE-5068-49F5-BC91-41A2FDD097D8}.Release|Any CPU.Build.0 = Release|Any CPU
		{F820DD3F-4586-463B-AC88-47F13E913E5F}.Debug|Any CPU.ActiveCfg = Debug|Any CPU
		{F820DD3F-4586-463B-AC88-47F13E913E5F}.Debug|Any CPU.Build.0 = Debug|Any CPU
		{F820DD3F-4586-463B-AC88-47F13E913E5F}.Release|Any CPU.ActiveCfg = Release|Any CPU
		{F820DD3F-4586-463B-AC88-47F13E913E5F}.Release|Any CPU.Build.0 = Release|Any CPU
		{BED97BB8-869A-47B4-90D5-681E63E67169}.Debug|Any CPU.ActiveCfg = Debug|Any CPU
		{BED97BB8-869A-47B4-90D5-681E63E67169}.Debug|Any CPU.Build.0 = Debug|Any CPU
		{BED97BB8-869A-47B4-90D5-681E63E67169}.Release|Any CPU.ActiveCfg = Release|Any CPU
		{BED97BB8-869A-47B4-90D5-681E63E67169}.Release|Any CPU.Build.0 = Release|Any CPU
		{DD397D51-87B5-4C03-9564-F10C86469F1A}.Debug|Any CPU.ActiveCfg = Debug|Any CPU
		{DD397D51-87B5-4C03-9564-F10C86469F1A}.Debug|Any CPU.Build.0 = Debug|Any CPU
		{DD397D51-87B5-4C03-9564-F10C86469F1A}.Release|Any CPU.ActiveCfg = Release|Any CPU
		{DD397D51-87B5-4C03-9564-F10C86469F1A}.Release|Any CPU.Build.0 = Release|Any CPU
	EndGlobalSection
	GlobalSection(SolutionProperties) = preSolution
		HideSolutionNode = FALSE
	EndGlobalSection
	GlobalSection(ExtensibilityGlobals) = postSolution
		SolutionGuid = {9B671BBC-1020-40B3-A2B5-CE911E51EF29}
	EndGlobalSection
EndGlobal
